
Microsoft Visual Studio Solution File, Format Version 12.00
# Visual Studio Version 17
VisualStudioVersion = 17.3.32901.215
MinimumVisualStudioVersion = 10.0.40219.1
Project("{F184B08F-C81C-45F6-A57F-5ABD9991F28F}") = "driversCabSim", "driversCabSim\driversCabSim.vbproj", "{7EA65CE0-A1B4-429F-9695-33E7C2DFAF18}"
EndProject
Project("{F184B08F-C81C-45F6-A57F-5ABD9991F28F}") = "KontaktSimulator", "KontaktSimulator\KontaktSimulator.vbproj", "{CE2CFB56-4A46-4914-8120-A470192BAFE2}"
EndProject
Project("{F184B08F-C81C-45F6-A57F-5ABD9991F28F}") = "Stellwerk", "Stellwerk\Stellwerk.vbproj", "{CCDDD96D-E8E0-4AC7-BFE9-AC76811FCAC2}"
EndProject
Project("{F184B08F-C81C-45F6-A57F-5ABD9991F28F}") = "Steuerpulte", "Steuerpulte\Steuerpulte.vbproj", "{2E0BF411-B727-4672-A927-52A554E87765}"
EndProject
Project("{FAE04EC0-301F-11D3-BF4B-00C04F79EFBC}") = "Webcams", "Webcams\Webcams.csproj", "{66CDB3E4-65C0-41B1-880D-1D2D0C843488}"
EndProject
Project("{F184B08F-C81C-45F6-A57F-5ABD9991F28F}") = "Weichensteuerung", "Weichensteuerung\Weichensteuerung.vbproj", "{E504911F-4D2C-401A-8E4D-A256FD7CE0AB}"
EndProject
Project("{F184B08F-C81C-45F6-A57F-5ABD9991F28F}") = "KlausEBspecific", "KlausEBspecific\KlausEBspecific.vbproj", "{31A180D4-8C81-49D8-BF53-781EDAA0B744}"
EndProject
Global
	GlobalSection(SolutionConfigurationPlatforms) = preSolution
		Debug|x64 = Debug|x64
		Release|x64 = Release|x64
	EndGlobalSection
	GlobalSection(ProjectConfigurationPlatforms) = postSolution
		{7EA65CE0-A1B4-429F-9695-33E7C2DFAF18}.Debug|x64.ActiveCfg = Debug|x64
		{7EA65CE0-A1B4-429F-9695-33E7C2DFAF18}.Debug|x64.Build.0 = Debug|x64
		{7EA65CE0-A1B4-429F-9695-33E7C2DFAF18}.Release|x64.ActiveCfg = Release|x64
		{7EA65CE0-A1B4-429F-9695-33E7C2DFAF18}.Release|x64.Build.0 = Release|x64
		{CE2CFB56-4A46-4914-8120-A470192BAFE2}.Debug|x64.ActiveCfg = Debug|x64
		{CE2CFB56-4A46-4914-8120-A470192BAFE2}.Debug|x64.Build.0 = Debug|x64
		{CE2CFB56-4A46-4914-8120-A470192BAFE2}.Release|x64.ActiveCfg = Release|x64
		{CE2CFB56-4A46-4914-8120-A470192BAFE2}.Release|x64.Build.0 = Release|x64
		{CCDDD96D-E8E0-4AC7-BFE9-AC76811FCAC2}.Debug|x64.ActiveCfg = Debug|x64
		{CCDDD96D-E8E0-4AC7-BFE9-AC76811FCAC2}.Debug|x64.Build.0 = Debug|x64
		{CCDDD96D-E8E0-4AC7-BFE9-AC76811FCAC2}.Release|x64.ActiveCfg = Release|x64
		{CCDDD96D-E8E0-4AC7-BFE9-AC76811FCAC2}.Release|x64.Build.0 = Release|x64
		{2E0BF411-B727-4672-A927-52A554E87765}.Debug|x64.ActiveCfg = Debug|x64
		{2E0BF411-B727-4672-A927-52A554E87765}.Debug|x64.Build.0 = Debug|x64
		{2E0BF411-B727-4672-A927-52A554E87765}.Release|x64.ActiveCfg = Release|x64
		{2E0BF411-B727-4672-A927-52A554E87765}.Release|x64.Build.0 = Release|x64
		{66CDB3E4-65C0-41B1-880D-1D2D0C843488}.Debug|x64.ActiveCfg = Debug|x64
		{66CDB3E4-65C0-41B1-880D-1D2D0C843488}.Debug|x64.Build.0 = Debug|x64
		{66CDB3E4-65C0-41B1-880D-1D2D0C843488}.Release|x64.ActiveCfg = Release|x64
		{66CDB3E4-65C0-41B1-880D-1D2D0C843488}.Release|x64.Build.0 = Release|x64
		{E504911F-4D2C-401A-8E4D-A256FD7CE0AB}.Debug|x64.ActiveCfg = Debug|x64
		{E504911F-4D2C-401A-8E4D-A256FD7CE0AB}.Debug|x64.Build.0 = Debug|x64
		{E504911F-4D2C-401A-8E4D-A256FD7CE0AB}.Release|x64.ActiveCfg = Release|x64
		{E504911F-4D2C-401A-8E4D-A256FD7CE0AB}.Release|x64.Build.0 = Release|x64
		{31A180D4-8C81-49D8-BF53-781EDAA0B744}.Debug|x64.ActiveCfg = Debug|x64
		{31A180D4-8C81-49D8-BF53-781EDAA0B744}.Debug|x64.Build.0 = Debug|x64
		{31A180D4-8C81-49D8-BF53-781EDAA0B744}.Release|x64.ActiveCfg = Release|x64
		{31A180D4-8C81-49D8-BF53-781EDAA0B744}.Release|x64.Build.0 = Release|x64
	EndGlobalSection
	GlobalSection(SolutionProperties) = preSolution
		HideSolutionNode = FALSE
	EndGlobalSection
	GlobalSection(ExtensibilityGlobals) = postSolution
		SolutionGuid = {FAC74772-CAA3-4C1C-8DE4-27FB0D4CE19E}
	EndGlobalSection
EndGlobal
